{
  "originHash" : "89aa8f75988131eec1b4a60168278f927e0a88c6d5fa429822162812c3ed2be1",
  "pins" : [
    {
      "identity" : "swift-argument-parser",
      "kind" : "remoteSourceControl",
      "location" : "https://github.com/apple/swift-argument-parser.git",
      "state" : {
        "revision" : "011f0c765fb46d9cac61bca19be0527e99c98c8b",
        "version" : "1.5.1"
      }
    }
  ],
  "version" : 3
}
